// !$*UTF8*$!
{
	archiveVersion = 1;
	classes = {
	};
	objectVersion = 50;
	objects = {

/* Begin PBXBuildFile section */
		7CC57D0B25EE7A2F00C39951 /* MyWeatherAppApp.swift in Sources */ = {isa = PBXBuildFile; fileRef = 7CC57D0A25EE7A2F00C39951 /* MyWeatherAppApp.swift */; };
		7CC57D0D25EE7A2F00C39951 /* ContentView.swift in Sources */ = {isa = PBXBuildFile; fileRef = 7CC57D0C25EE7A2F00C39951 /* ContentView.swift */; };
		7CC57D0F25EE7A3100C39951 /* Assets.xcassets in Resources */ = {isa = PBXBuildFile; fileRef = 7CC57D0E25EE7A3100C39951 /* Assets.xcassets */; };
		7CC57D1225EE7A3100C39951 /* Preview Assets.xcassets in Resources */ = {isa = PBXBuildFile; fileRef = 7CC57D1125EE7A3100C39951 /* Preview Assets.xcassets */; };
		7CC57D1D25EE7A3200C39951 /* MyWeatherAppTests.swift in Sources */ = {isa = PBXBuildFile; fileRef = 7CC57D1C25EE7A3200C39951 /* MyWeatherAppTests.swift */; };
		7CC57D2825EE7A3200C39951 /* MyWeatherAppUITests.swift in Sources */ = {isa = PBXBuildFile; fileRef = 7CC57D2725EE7A3200C39951 /* MyWeatherAppUITests.swift */; };
		7CC57D3925EE7A8300C39951 /* APIService.swift in Sources */ = {isa = PBXBuildFile; fileRef = 7CC57D3825EE7A8200C39951 /* APIService.swift */; };
		7CC57D3E25EE7B4600C39951 /* Forecast.swift in Sources */ = {isa = PBXBuildFile; fileRef = 7CC57D3D25EE7B4600C39951 /* Forecast.swift */; };
		7CC57D7725EFD7F800C39951 /* ForecastViewModel.swift in Sources */ = {isa = PBXBuildFile; fileRef = 7CC57D7625EFD7F800C39951 /* ForecastViewModel.swift */; };
/* End PBXBuildFile section */

/* Begin PBXContainerItemProxy section */
		7CC57D1925EE7A3200C39951 /* PBXContainerItemProxy */ = {
			isa = PBXContainerItemProxy;
			containerPortal = 7CC57CFF25EE7A2F00C39951 /* Project object */;
			proxyType = 1;
			remoteGlobalIDString = 7CC57D0625EE7A2F00C39951;
			remoteInfo = MyWeatherApp;
		};
		7CC57D2425EE7A3200C39951 /* PBXContainerItemProxy */ = {
			isa = PBXContainerItemProxy;
			containerPortal = 7CC57CFF25EE7A2F00C39951 /* Project object */;
			proxyType = 1;
			remoteGlobalIDString = 7CC57D0625EE7A2F00C39951;
			remoteInfo = MyWeatherApp;
		};
/* End PBXContainerItemProxy section */

/* Begin PBXFileReference section */
		7CC57D0725EE7A2F00C39951 /* MyWeatherApp.app */ = {isa = PBXFileReference; explicitFileType = wrapper.application; includeInIndex = 0; path = MyWeatherApp.app; sourceTree = BUILT_PRODUCTS_DIR; };
		7CC57D0A25EE7A2F00C39951 /* MyWeatherAppApp.swift */ = {isa = PBXFileReference; lastKnownFileType = sourcecode.swift; path = MyWeatherAppApp.swift; sourceTree = "<group>"; };
		7CC57D0C25EE7A2F00C39951 /* ContentView.swift */ = {isa = PBXFileReference; lastKnownFileType = sourcecode.swift; path = ContentView.swift; sourceTree = "<group>"; };
		7CC57D0E25EE7A3100C39951 /* Assets.xcassets */ = {isa = PBXFileReference; lastKnownFileType = folder.assetcatalog; path = Assets.xcassets; sourceTree = "<group>"; };
		7CC57D1125EE7A3100C39951 /* Preview Assets.xcassets */ = {isa = PBXFileReference; lastKnownFileType = folder.assetcatalog; path = "Preview Assets.xcassets"; sourceTree = "<group>"; };
		7CC57D1325EE7A3100C39951 /* Info.plist */ = {isa = PBXFileReference; lastKnownFileType = text.plist.xml; path = Info.plist; sourceTree = "<group>"; };
		7CC57D1825EE7A3200C39951 /* MyWeatherAppTests.xctest */ = {isa = PBXFileReference; explicitFileType = wrapper.cfbundle; includeInIndex = 0; path = MyWeatherAppTests.xctest; sourceTree = BUILT_PRODUCTS_DIR; };
		7CC57D1C25EE7A3200C39951 /* MyWeatherAppTests.swift */ = {isa = PBXFileReference; lastKnownFileType = sourcecode.swift; path = MyWeatherAppTests.swift; sourceTree = "<group>"; };
		7CC57D1E25EE7A3200C39951 /* Info.plist */ = {isa = PBXFileReference; lastKnownFileType = text.plist.xml; path = Info.plist; sourceTree = "<group>"; };
		7CC57D2325EE7A3200C39951 /* MyWeatherAppUITests.xctest */ = {isa = PBXFileReference; explicitFileType = wrapper.cfbundle; includeInIndex = 0; path = MyWeatherAppUITests.xctest; sourceTree = BUILT_PRODUCTS_DIR; };
		7CC57D2725EE7A3200C39951 /* MyWeatherAppUITests.swift */ = {isa = PBXFileReference; lastKnownFileType = sourcecode.swift; path = MyWeatherAppUITests.swift; sourceTree = "<group>"; };
		7CC57D2925EE7A3200C39951 /* Info.plist */ = {isa = PBXFileReference; lastKnownFileType = text.plist.xml; path = Info.plist; sourceTree = "<group>"; };
		7CC57D3825EE7A8200C39951 /* APIService.swift */ = {isa = PBXFileReference; fileEncoding = 4; lastKnownFileType = sourcecode.swift; path = APIService.swift; sourceTree = "<group>"; };
		7CC57D3D25EE7B4600C39951 /* Forecast.swift */ = {isa = PBXFileReference; lastKnownFileType = sourcecode.swift; path = Forecast.swift; sourceTree = "<group>"; };
		7CC57D7625EFD7F800C39951 /* ForecastViewModel.swift */ = {isa = PBXFileReference; lastKnownFileType = sourcecode.swift; path = ForecastViewModel.swift; sourceTree = "<group>"; };
/* End PBXFileReference section */

/* Begin PBXFrameworksBuildPhase section */
		7CC57D0425EE7A2F00C39951 /* Frameworks */ = {
			isa = PBXFrameworksBuildPhase;
			buildActionMask = 2147483647;
			files = (
			);
			runOnlyForDeploymentPostprocessing = 0;
		};
		7CC57D1525EE7A3200C39951 /* Frameworks */ = {
			isa = PBXFrameworksBuildPhase;
			buildActionMask = 2147483647;
			files = (
			);
			runOnlyForDeploymentPostprocessing = 0;
		};
		7CC57D2025EE7A3200C39951 /* Frameworks */ = {
			isa = PBXFrameworksBuildPhase;
			buildActionMask = 2147483647;
			files = (
			);
			runOnlyForDeploymentPostprocessing = 0;
		};
/* End PBXFrameworksBuildPhase section */

/* Begin PBXGroup section */
		7CC57CFE25EE7A2F00C39951 = {
			isa = PBXGroup;
			children = (
				7CC57D0925EE7A2F00C39951 /* MyWeatherApp */,
				7CC57D1B25EE7A3200C39951 /* MyWeatherAppTests */,
				7CC57D2625EE7A3200C39951 /* MyWeatherAppUITests */,
				7CC57D0825EE7A2F00C39951 /* Products */,
			);
			sourceTree = "<group>";
		};
		7CC57D0825EE7A2F00C39951 /* Products */ = {
			isa = PBXGroup;
			children = (
				7CC57D0725EE7A2F00C39951 /* MyWeatherApp.app */,
				7CC57D1825EE7A3200C39951 /* MyWeatherAppTests.xctest */,
				7CC57D2325EE7A3200C39951 /* MyWeatherAppUITests.xctest */,
			);
			name = Products;
			sourceTree = "<group>";
		};
		7CC57D0925EE7A2F00C39951 /* MyWeatherApp */ = {
			isa = PBXGroup;
			children = (
				7CC57D0A25EE7A2F00C39951 /* MyWeatherAppApp.swift */,
				7CC57D0C25EE7A2F00C39951 /* ContentView.swift */,
				7CC57D3825EE7A8200C39951 /* APIService.swift */,
				7CC57D0E25EE7A3100C39951 /* Assets.xcassets */,
				7CC57D1325EE7A3100C39951 /* Info.plist */,
				7CC57D1025EE7A3100C39951 /* Preview Content */,
				7CC57D3D25EE7B4600C39951 /* Forecast.swift */,
				7CC57D7625EFD7F800C39951 /* ForecastViewModel.swift */,
			);
			path = MyWeatherApp;
			sourceTree = "<group>";
		};
		7CC57D1025EE7A3100C39951 /* Preview Content */ = {
			isa = PBXGroup;
			children = (
				7CC57D1125EE7A3100C39951 /* Preview Assets.xcassets */,
			);
			path = "Preview Content";
			sourceTree = "<group>";
		};
		7CC57D1B25EE7A3200C39951 /* MyWeatherAppTests */ = {
			isa = PBXGroup;
			children = (
				7CC57D1C25EE7A3200C39951 /* MyWeatherAppTests.swift */,
				7CC57D1E25EE7A3200C39951 /* Info.plist */,
			);
			path = MyWeatherAppTests;
			sourceTree = "<group>";
		};
		7CC57D2625EE7A3200C39951 /* MyWeatherAppUITests */ = {
			isa = PBXGroup;
			children = (
				7CC57D2725EE7A3200C39951 /* MyWeatherAppUITests.swift */,
				7CC57D2925EE7A3200C39951 /* Info.plist */,
			);
			path = MyWeatherAppUITests;
			sourceTree = "<group>";
		};
/* End PBXGroup section */

/* Begin PBXNativeTarget section */
		7CC57D0625EE7A2F00C39951 /* MyWeatherApp */ = {
			isa = PBXNativeTarget;
			buildConfigurationList = 7CC57D2C25EE7A3200C39951 /* Build configuration list for PBXNativeTarget "MyWeatherApp" */;
			buildPhases = (
				7CC57D0325EE7A2F00C39951 /* Sources */,
				7CC57D0425EE7A2F00C39951 /* Frameworks */,
				7CC57D0525EE7A2F00C39951 /* Resources */,
			);
			buildRules = (
			);
			dependencies = (
			);
			name = MyWeatherApp;
			productName = MyWeatherApp;
			productReference = 7CC57D0725EE7A2F00C39951 /* MyWeatherApp.app */;
			productType = "com.apple.product-type.application";
		};
		7CC57D1725EE7A3200C39951 /* MyWeatherAppTests */ = {
			isa = PBXNativeTarget;
			buildConfigurationList = 7CC57D2F25EE7A3200C39951 /* Build configuration list for PBXNativeTarget "MyWeatherAppTests" */;
			buildPhases = (
				7CC57D1425EE7A3200C39951 /* Sources */,
				7CC57D1525EE7A3200C39951 /* Frameworks */,
				7CC57D1625EE7A3200C39951 /* Resources */,
			);
			buildRules = (
			);
			dependencies = (
				7CC57D1A25EE7A3200C39951 /* PBXTargetDependency */,
			);
			name = MyWeatherAppTests;
			productName = MyWeatherAppTests;
			productReference = 7CC57D1825EE7A3200C39951 /* MyWeatherAppTests.xctest */;
			productType = "com.apple.product-type.bundle.unit-test";
		};
		7CC57D2225EE7A3200C39951 /* MyWeatherAppUITests */ = {
			isa = PBXNativeTarget;
			buildConfigurationList = 7CC57D3225EE7A3200C39951 /* Build configuration list for PBXNativeTarget "MyWeatherAppUITests" */;
			buildPhases = (
				7CC57D1F25EE7A3200C39951 /* Sources */,
				7CC57D2025EE7A3200C39951 /* Frameworks */,
				7CC57D2125EE7A3200C39951 /* Resources */,
			);
			buildRules = (
			);
			dependencies = (
				7CC57D2525EE7A3200C39951 /* PBXTargetDependency */,
			);
			name = MyWeatherAppUITests;
			productName = MyWeatherAppUITests;
			productReference = 7CC57D2325EE7A3200C39951 /* MyWeatherAppUITests.xctest */;
			productType = "com.apple.product-type.bundle.ui-testing";
		};
/* End PBXNativeTarget section */

/* Begin PBXProject section */
		7CC57CFF25EE7A2F00C39951 /* Project object */ = {
			isa = PBXProject;
			attributes = {
				LastSwiftUpdateCheck = 1220;
				LastUpgradeCheck = 1220;
				TargetAttributes = {
					7CC57D0625EE7A2F00C39951 = {
						CreatedOnToolsVersion = 12.2;
					};
					7CC57D1725EE7A3200C39951 = {
						CreatedOnToolsVersion = 12.2;
						TestTargetID = 7CC57D0625EE7A2F00C39951;
					};
					7CC57D2225EE7A3200C39951 = {
						CreatedOnToolsVersion = 12.2;
						TestTargetID = 7CC57D0625EE7A2F00C39951;
					};
				};
			};
			buildConfigurationList = 7CC57D0225EE7A2F00C39951 /* Build configuration list for PBXProject "MyWeatherApp" */;
			compatibilityVersion = "Xcode 9.3";
			developmentRegion = en;
			hasScannedForEncodings = 0;
			knownRegions = (
				en,
				Base,
			);
			mainGroup = 7CC57CFE25EE7A2F00C39951;
			productRefGroup = 7CC57D0825EE7A2F00C39951 /* Products */;
			projectDirPath = "";
			projectRoot = "";
			targets = (
				7CC57D0625EE7A2F00C39951 /* MyWeatherApp */,
				7CC57D1725EE7A3200C39951 /* MyWeatherAppTests */,
				7CC57D2225EE7A3200C39951 /* MyWeatherAppUITests */,
			);
		};
/* End PBXProject section */

/* Begin PBXResourcesBuildPhase section */
		7CC57D0525EE7A2F00C39951 /* Resources */ = {
			isa = PBXResourcesBuildPhase;
			buildActionMask = 2147483647;
			files = (
				7CC57D1225EE7A3100C39951 /* Preview Assets.xcassets in Resources */,
				7CC57D0F25EE7A3100C39951 /* Assets.xcassets in Resources */,
			);
			runOnlyForDeploymentPostprocessing = 0;
		};
		7CC57D1625EE7A3200C39951 /* Resources */ = {
			isa = PBXResourcesBuildPhase;
			buildActionMask = 2147483647;
			files = (
			);
			runOnlyForDeploymentPostprocessing = 0;
		};
		7CC57D2125EE7A3200C39951 /* Resources */ = {
			isa = PBXResourcesBuildPhase;
			buildActionMask = 2147483647;
			files = (
			);
			runOnlyForDeploymentPostprocessing = 0;
		};
/* End PBXResourcesBuildPhase section */

/* Begin PBXSourcesBuildPhase section */
		7CC57D0325EE7A2F00C39951 /* Sources */ = {
			isa = PBXSourcesBuildPhase;
			buildActionMask = 2147483647;
			files = (
				7CC57D3E25EE7B4600C39951 /* Forecast.swift in Sources */,
				7CC57D0D25EE7A2F00C39951 /* ContentView.swift in Sources */,
				7CC57D3925EE7A8300C39951 /* APIService.swift in Sources */,
				7CC57D0B25EE7A2F00C39951 /* MyWeatherAppApp.swift in Sources */,
				7CC57D7725EFD7F800C39951 /* ForecastViewModel.swift in Sources */,
			);
			runOnlyForDeploymentPostprocessing = 0;
		};
		7CC57D1425EE7A3200C39951 /* Sources */ = {
			isa = PBXSourcesBuildPhase;
			buildActionMask = 2147483647;
			files = (
				7CC57D1D25EE7A3200C39951 /* MyWeatherAppTests.swift in Sources */,
			);
			runOnlyForDeploymentPostprocessing = 0;
		};
		7CC57D1F25EE7A3200C39951 /* Sources */ = {
			isa = PBXSourcesBuildPhase;
			buildActionMask = 2147483647;
			files = (
				7CC57D2825EE7A3200C39951 /* MyWeatherAppUITests.swift in Sources */,
			);
			runOnlyForDeploymentPostprocessing = 0;
		};
/* End PBXSourcesBuildPhase section */

/* Begin PBXTargetDependency section */
		7CC57D1A25EE7A3200C39951 /* PBXTargetDependency */ = {
			isa = PBXTargetDependency;
			target = 7CC57D0625EE7A2F00C39951 /* MyWeatherApp */;
			targetProxy = 7CC57D1925EE7A3200C39951 /* PBXContainerItemProxy */;
		};
		7CC57D2525EE7A3200C39951 /* PBXTargetDependency */ = {
			isa = PBXTargetDependency;
			target = 7CC57D0625EE7A2F00C39951 /* MyWeatherApp */;
			targetProxy = 7CC57D2425EE7A3200C39951 /* PBXContainerItemProxy */;
		};
/* End PBXTargetDependency section */

/* Begin XCBuildConfiguration section */
		7CC57D2A25EE7A3200C39951 /* Debug */ = {
			isa = XCBuildConfiguration;
			buildSettings = {
				ALWAYS_SEARCH_USER_PATHS = NO;
				CLANG_ANALYZER_NONNULL = YES;
				CLANG_ANALYZER_NUMBER_OBJECT_CONVERSION = YES_AGGRESSIVE;
				CLANG_CXX_LANGUAGE_STANDARD = "gnu++14";
				CLANG_CXX_LIBRARY = "libc++";
				CLANG_ENABLE_MODULES = YES;
				CLANG_ENABLE_OBJC_ARC = YES;
				CLANG_ENABLE_OBJC_WEAK = YES;
				CLANG_WARN_BLOCK_CAPTURE_AUTORELEASING = YES;
				CLANG_WARN_BOOL_CONVERSION = YES;
				CLANG_WARN_COMMA = YES;
				CLANG_WARN_CONSTANT_CONVERSION = YES;
				CLANG_WARN_DEPRECATED_OBJC_IMPLEMENTATIONS = YES;
				CLANG_WARN_DIRECT_OBJC_ISA_USAGE = YES_ERROR;
				CLANG_WARN_DOCUMENTATION_COMMENTS = YES;
				CLANG_WARN_EMPTY_BODY = YES;
				CLANG_WARN_ENUM_CONVERSION = YES;
				CLANG_WARN_INFINITE_RECURSION = YES;
				CLANG_WARN_INT_CONVERSION = YES;
				CLANG_WARN_NON_LITERAL_NULL_CONVERSION = YES;
				CLANG_WARN_OBJC_IMPLICIT_RETAIN_SELF = YES;
				CLANG_WARN_OBJC_LITERAL_CONVERSION = YES;
				CLANG_WARN_OBJC_ROOT_CLASS = YES_ERROR;
				CLANG_WARN_QUOTED_INCLUDE_IN_FRAMEWORK_HEADER = YES;
				CLANG_WARN_RANGE_LOOP_ANALYSIS = YES;
				CLANG_WARN_STRICT_PROTOTYPES = YES;
				CLANG_WARN_SUSPICIOUS_MOVE = YES;
				CLANG_WARN_UNGUARDED_AVAILABILITY = YES_AGGRESSIVE;
				CLANG_WARN_UNREACHABLE_CODE = YES;
				CLANG_WARN__DUPLICATE_METHOD_MATCH = YES;
				COPY_PHASE_STRIP = NO;
				DEBUG_INFORMATION_FORMAT = dwarf;
				ENABLE_STRICT_OBJC_MSGSEND = YES;
				ENABLE_TESTABILITY = YES;
				GCC_C_LANGUAGE_STANDARD = gnu11;
				GCC_DYNAMIC_NO_PIC = NO;
				GCC_NO_COMMON_BLOCKS = YES;
				GCC_OPTIMIZATION_LEVEL = 0;
				GCC_PREPROCESSOR_DEFINITIONS = (
					"DEBUG=1",
					"$(inherited)",
				);
				GCC_WARN_64_TO_32_BIT_CONVERSION = YES;
				GCC_WARN_ABOUT_RETURN_TYPE = YES_ERROR;
				GCC_WARN_UNDECLARED_SELECTOR = YES;
				GCC_WARN_UNINITIALIZED_AUTOS = YES_AGGRESSIVE;
				GCC_WARN_UNUSED_FUNCTION = YES;
				GCC_WARN_UNUSED_VARIABLE = YES;
				IPHONEOS_DEPLOYMENT_TARGET = 14.2;
				MTL_ENABLE_DEBUG_INFO = INCLUDE_SOURCE;
				MTL_FAST_MATH = YES;
				ONLY_ACTIVE_ARCH = YES;
				SDKROOT = iphoneos;
				SWIFT_ACTIVE_COMPILATION_CONDITIONS = DEBUG;
				SWIFT_OPTIMIZATION_LEVEL = "-Onone";
			};
			name = Debug;
		};
		7CC57D2B25EE7A3200C39951 /* Release */ = {
			isa = XCBuildConfiguration;
			buildSettings = {
				ALWAYS_SEARCH_USER_PATHS = NO;
				CLANG_ANALYZER_NONNULL = YES;
				CLANG_ANALYZER_NUMBER_OBJECT_CONVERSION = YES_AGGRESSIVE;
				CLANG_CXX_LANGUAGE_STANDARD = "gnu++14";
				CLANG_CXX_LIBRARY = "libc++";
				CLANG_ENABLE_MODULES = YES;
				CLANG_ENABLE_OBJC_ARC = YES;
				CLANG_ENABLE_OBJC_WEAK = YES;
				CLANG_WARN_BLOCK_CAPTURE_AUTORELEASING = YES;
				CLANG_WARN_BOOL_CONVERSION = YES;
				CLANG_WARN_COMMA = YES;
				CLANG_WARN_CONSTANT_CONVERSION = YES;
				CLANG_WARN_DEPRECATED_OBJC_IMPLEMENTATIONS = YES;
				CLANG_WARN_DIRECT_OBJC_ISA_USAGE = YES_ERROR;
				CLANG_WARN_DOCUMENTATION_COMMENTS = YES;
				CLANG_WARN_EMPTY_BODY = YES;
				CLANG_WARN_ENUM_CONVERSION = YES;
				CLANG_WARN_INFINITE_RECURSION = YES;
				CLANG_WARN_INT_CONVERSION = YES;
				CLANG_WARN_NON_LITERAL_NULL_CONVERSION = YES;
				CLANG_WARN_OBJC_IMPLICIT_RETAIN_SELF = YES;
				CLANG_WARN_OBJC_LITERAL_CONVERSION = YES;
				CLANG_WARN_OBJC_ROOT_CLASS = YES_ERROR;
				CLANG_WARN_QUOTED_INCLUDE_IN_FRAMEWORK_HEADER = YES;
				CLANG_WARN_RANGE_LOOP_ANALYSIS = YES;
				CLANG_WARN_STRICT_PROTOTYPES = YES;
				CLANG_WARN_SUSPICIOUS_MOVE = YES;
				CLANG_WARN_UNGUARDED_AVAILABILITY = YES_AGGRESSIVE;
				CLANG_WARN_UNREACHABLE_CODE = YES;
				CLANG_WARN__DUPLICATE_METHOD_MATCH = YES;
				COPY_PHASE_STRIP = NO;
				DEBUG_INFORMATION_FORMAT = "dwarf-with-dsym";
				ENABLE_NS_ASSERTIONS = NO;
				ENABLE_STRICT_OBJC_MSGSEND = YES;
				GCC_C_LANGUAGE_STANDARD = gnu11;
				GCC_NO_COMMON_BLOCKS = YES;
				GCC_WARN_64_TO_32_BIT_CONVERSION = YES;
				GCC_WARN_ABOUT_RETURN_TYPE = YES_ERROR;
				GCC_WARN_UNDECLARED_SELECTOR = YES;
				GCC_WARN_UNINITIALIZED_AUTOS = YES_AGGRESSIVE;
				GCC_WARN_UNUSED_FUNCTION = YES;
				GCC_WARN_UNUSED_VARIABLE = YES;
				IPHONEOS_DEPLOYMENT_TARGET = 14.2;
				MTL_ENABLE_DEBUG_INFO = NO;
				MTL_FAST_MATH = YES;
				SDKROOT = iphoneos;
				SWIFT_COMPILATION_MODE = wholemodule;
				SWIFT_OPTIMIZATION_LEVEL = "-O";
				VALIDATE_PRODUCT = YES;
			};
			name = Release;
		};
		7CC57D2D25EE7A3200C39951 /* Debug */ = {
			isa = XCBuildConfiguration;
			buildSettings = {
				ASSETCATALOG_COMPILER_APPICON_NAME = AppIcon;
				ASSETCATALOG_COMPILER_GLOBAL_ACCENT_COLOR_NAME = AccentColor;
				CODE_SIGN_STYLE = Automatic;
				DEVELOPMENT_ASSET_PATHS = "\"MyWeatherApp/Preview Content\"";
				DEVELOPMENT_TEAM = B5WKUDNG58;
				ENABLE_PREVIEWS = YES;
				INFOPLIST_FILE = MyWeatherApp/Info.plist;
				IPHONEOS_DEPLOYMENT_TARGET = 14.0;
				LD_RUNPATH_SEARCH_PATHS = (
					"$(inherited)",
					"@executable_path/Frameworks",
				);
				PRODUCT_BUNDLE_IDENTIFIER = com.hero.MyWeatherApp;
				PRODUCT_NAME = "$(TARGET_NAME)";
				SWIFT_VERSION = 5.0;
				TARGETED_DEVICE_FAMILY = "1,2";
			};
			name = Debug;
		};
		7CC57D2E25EE7A3200C39951 /* Release */ = {
			isa = XCBuildConfiguration;
			buildSettings = {
				ASSETCATALOG_COMPILER_APPICON_NAME = AppIcon;
				ASSETCATALOG_COMPILER_GLOBAL_ACCENT_COLOR_NAME = AccentColor;
				CODE_SIGN_STYLE = Automatic;
				DEVELOPMENT_ASSET_PATHS = "\"MyWeatherApp/Preview Content\"";
				DEVELOPMENT_TEAM = B5WKUDNG58;
				ENABLE_PREVIEWS = YES;
				INFOPLIST_FILE = MyWeatherApp/Info.plist;
				IPHONEOS_DEPLOYMENT_TARGET = 14.0;
				LD_RUNPATH_SEARCH_PATHS = (
					"$(inherited)",
					"@executable_path/Frameworks",
				);
				PRODUCT_BUNDLE_IDENTIFIER = com.hero.MyWeatherApp;
				PRODUCT_NAME = "$(TARGET_NAME)";
				SWIFT_VERSION = 5.0;
				TARGETED_DEVICE_FAMILY = "1,2";
			};
			name = Release;
		};
		7CC57D3025EE7A3200C39951 /* Debug */ = {
			isa = XCBuildConfiguration;
			buildSettings = {
				ALWAYS_EMBED_SWIFT_STANDARD_LIBRARIES = YES;
				BUNDLE_LOADER = "$(TEST_HOST)";
				CODE_SIGN_STYLE = Automatic;
				DEVELOPMENT_TEAM = B5WKUDNG58;
				INFOPLIST_FILE = MyWeatherAppTests/Info.plist;
				IPHONEOS_DEPLOYMENT_TARGET = 14.0;
				LD_RUNPATH_SEARCH_PATHS = (
					"$(inherited)",
					"@executable_path/Frameworks",
					"@loader_path/Frameworks",
				);
				PRODUCT_BUNDLE_IDENTIFIER = com.hero.MyWeatherAppTests;
				PRODUCT_NAME = "$(TARGET_NAME)";
				SWIFT_VERSION = 5.0;
				TARGETED_DEVICE_FAMILY = "1,2";
				TEST_HOST = "$(BUILT_PRODUCTS_DIR)/MyWeatherApp.app/MyWeatherApp";
			};
			name = Debug;
		};
		7CC57D3125EE7A3200C39951 /* Release */ = {
			isa = XCBuildConfiguration;
			buildSettings = {
				ALWAYS_EMBED_SWIFT_STANDARD_LIBRARIES = YES;
				BUNDLE_LOADER = "$(TEST_HOST)";
				CODE_SIGN_STYLE = Automatic;
				DEVELOPMENT_TEAM = B5WKUDNG58;
				INFOPLIST_FILE = MyWeatherAppTests/Info.plist;
				IPHONEOS_DEPLOYMENT_TARGET = 14.0;
				LD_RUNPATH_SEARCH_PATHS = (
					"$(inherited)",
					"@executable_path/Frameworks",
					"@loader_path/Frameworks",
				);
				PRODUCT_BUNDLE_IDENTIFIER = com.hero.MyWeatherAppTests;
				PRODUCT_NAME = "$(TARGET_NAME)";
				SWIFT_VERSION = 5.0;
				TARGETED_DEVICE_FAMILY = "1,2";
				TEST_HOST = "$(BUILT_PRODUCTS_DIR)/MyWeatherApp.app/MyWeatherApp";
			};
			name = Release;
		};
		7CC57D3325EE7A3200C39951 /* Debug */ = {
			isa = XCBuildConfiguration;
			buildSettings = {
				ALWAYS_EMBED_SWIFT_STANDARD_LIBRARIES = YES;
				CODE_SIGN_STYLE = Automatic;
				DEVELOPMENT_TEAM = B5WKUDNG58;
				INFOPLIST_FILE = MyWeatherAppUITests/Info.plist;
				LD_RUNPATH_SEARCH_PATHS = (
					"$(inherited)",
					"@executable_path/Frameworks",
					"@loader_path/Frameworks",
				);
				PRODUCT_BUNDLE_IDENTIFIER = com.hero.MyWeatherAppUITests;
				PRODUCT_NAME = "$(TARGET_NAME)";
				SWIFT_VERSION = 5.0;
				TARGETED_DEVICE_FAMILY = "1,2";
				TEST_TARGET_NAME = MyWeatherApp;
			};
			name = Debug;
		};
		7CC57D3425EE7A3200C39951 /* Release */ = {
			isa = XCBuildConfiguration;
			buildSettings = {
				ALWAYS_EMBED_SWIFT_STANDARD_LIBRARIES = YES;
				CODE_SIGN_STYLE = Automatic;
				DEVELOPMENT_TEAM = B5WKUDNG58;
				INFOPLIST_FILE = MyWeatherAppUITests/Info.plist;
				LD_RUNPATH_SEARCH_PATHS = (
					"$(inherited)",
					"@executable_path/Frameworks",
					"@loader_path/Frameworks",
				);
				PRODUCT_BUNDLE_IDENTIFIER = com.hero.MyWeatherAppUITests;
				PRODUCT_NAME = "$(TARGET_NAME)";
				SWIFT_VERSION = 5.0;
				TARGETED_DEVICE_FAMILY = "1,2";
				TEST_TARGET_NAME = MyWeatherApp;
			};
			name = Release;
		};
/* End XCBuildConfiguration section */

/* Begin XCConfigurationList section */
		7CC57D0225EE7A2F00C39951 /* Build configuration list for PBXProject "MyWeatherApp" */ = {
			isa = XCConfigurationList;
			buildConfigurations = (
				7CC57D2A25EE7A3200C39951 /* Debug */,
				7CC57D2B25EE7A3200C39951 /* Release */,
			);
			defaultConfigurationIsVisible = 0;
			defaultConfigurationName = Release;
		};
		7CC57D2C25EE7A3200C39951 /* Build configuration list for PBXNativeTarget "MyWeatherApp" */ = {
			isa = XCConfigurationList;
			buildConfigurations = (
				7CC57D2D25EE7A3200C39951 /* Debug */,
				7CC57D2E25EE7A3200C39951 /* Release */,
			);
			defaultConfigurationIsVisible = 0;
			defaultConfigurationName = Release;
		};
		7CC57D2F25EE7A3200C39951 /* Build configuration list for PBXNativeTarget "MyWeatherAppTests" */ = {
			isa = XCConfigurationList;
			buildConfigurations = (
				7CC57D3025EE7A3200C39951 /* Debug */,
				7CC57D3125EE7A3200C39951 /* Release */,
			);
			defaultConfigurationIsVisible = 0;
			defaultConfigurationName = Release;
		};
		7CC57D3225EE7A3200C39951 /* Build configuration list for PBXNativeTarget "MyWeatherAppUITests" */ = {
			isa = XCConfigurationList;
			buildConfigurations = (
				7CC57D3325EE7A3200C39951 /* Debug */,
				7CC57D3425EE7A3200C39951 /* Release */,
			);
			defaultConfigurationIsVisible = 0;
			defaultConfigurationName = Release;
		};
/* End XCConfigurationList section */
	};
	rootObject = 7CC57CFF25EE7A2F00C39951 /* Project object */;
}
